{
  "name": "agent-wrangler-workspace",
  "version": "0.0.0",
  "lockfileVersion": 3,
  "requires": true,
  "packages": {
    "": {
      "name": "agent-wrangler-workspace",
      "version": "0.0.0",
      "workspaces": [
        "runtimes/*",
        "shared/packages/*",
        "shared/cross-runtime"
      ],
      "engines": {
        "node": ">=18"
      }
    },
    "node_modules/@agent-wrangler/authority-server": {
      "resolved": "runtimes/authority-server",
      "link": true
    },
    "node_modules/@agent-wrangler/contracts": {
      "resolved": "shared/packages/contracts",
      "link": true
    },
    "node_modules/@agent-wrangler/cross-runtime-tests": {
      "resolved": "shared/cross-runtime",
      "link": true
    },
    "node_modules/@agent-wrangler/engine": {
      "resolved": "runtimes/engine",
      "link": true
    },
    "node_modules/@agent-wrangler/execution-node": {
      "resolved": "runtimes/execution-node",
      "link": true
    },
    "node_modules/@agent-wrangler/farm": {
      "resolved": "runtimes/farm",
      "link": true
    },
    "node_modules/@agent-wrangler/gallery": {
      "resolved": "runtimes/gallery",
      "link": true
    },
    "node_modules/@agent-wrangler/http-transport": {
      "resolved": "shared/packages/http-transport",
      "link": true
    },
    "node_modules/@agent-wrangler/json-store": {
      "resolved": "shared/packages/json-store",
      "link": true
    },
    "node_modules/@agent-wrangler/ranch": {
      "resolved": "runtimes/ranch",
      "link": true
    },
    "node_modules/@agent-wrangler/router": {
      "resolved": "runtimes/router",
      "link": true
    },
    "node_modules/@agent-wrangler/runtime-diagnostics": {
      "resolved": "shared/packages/runtime-diagnostics",
      "link": true
    },
    "node_modules/@agent-wrangler/test-support": {
      "resolved": "shared/packages/test-support",
      "link": true
    },
    "runtimes/authority-server": {
      "name": "@agent-wrangler/authority-server",
      "version": "0.0.0",
      "dependencies": {
        "@agent-wrangler/contracts": "0.0.0",
        "@agent-wrangler/http-transport": "0.0.0",
        "@agent-wrangler/json-store": "0.0.0",
        "@agent-wrangler/runtime-diagnostics": "0.0.0"
      },
      "devDependencies": {
        "@agent-wrangler/test-support": "0.0.0"
      }
    },
    "runtimes/engine": {
      "name": "@agent-wrangler/engine",
      "version": "0.0.0",
      "dependencies": {
        "@agent-wrangler/http-transport": "0.0.0",
        "@agent-wrangler/runtime-diagnostics": "0.0.0"
      },
      "devDependencies": {
        "@agent-wrangler/test-support": "0.0.0"
      }
    },
    "runtimes/execution-node": {
      "name": "@agent-wrangler/execution-node",
      "version": "0.0.0",
      "dependencies": {
        "@agent-wrangler/contracts": "0.0.0",
        "@agent-wrangler/http-transport": "0.0.0",
        "@agent-wrangler/runtime-diagnostics": "0.0.0"
      },
      "devDependencies": {
        "@agent-wrangler/test-support": "0.0.0"
      }
    },
    "runtimes/farm": {
      "name": "@agent-wrangler/farm",
      "version": "0.0.0",
      "dependencies": {
        "@agent-wrangler/contracts": "0.0.0",
        "@agent-wrangler/http-transport": "0.0.0",
        "@agent-wrangler/runtime-diagnostics": "0.0.0"
      },
      "devDependencies": {
        "@agent-wrangler/test-support": "0.0.0"
      }
    },
    "runtimes/gallery": {
      "name": "@agent-wrangler/gallery",
      "version": "0.0.0",
      "dependencies": {
        "@agent-wrangler/http-transport": "0.0.0",
        "@agent-wrangler/runtime-diagnostics": "0.0.0"
      },
      "devDependencies": {
        "@agent-wrangler/test-support": "0.0.0"
      }
    },
    "runtimes/ranch": {
      "name": "@agent-wrangler/ranch",
      "version": "0.0.0",
      "dependencies": {
        "@agent-wrangler/contracts": "0.0.0",
        "@agent-wrangler/http-transport": "0.0.0",
        "@agent-wrangler/runtime-diagnostics": "0.0.0"
      },
      "devDependencies": {
        "@agent-wrangler/test-support": "0.0.0"
      }
    },
    "runtimes/router": {
      "name": "@agent-wrangler/router",
      "version": "0.0.0",
      "dependencies": {
        "@agent-wrangler/contracts": "0.0.0",
        "@agent-wrangler/http-transport": "0.0.0",
        "@agent-wrangler/runtime-diagnostics": "0.0.0"
      },
      "devDependencies": {
        "@agent-wrangler/test-support": "0.0.0"
      }
    },
    "shared/cross-runtime": {
      "name": "@agent-wrangler/cross-runtime-tests",
      "version": "0.0.0",
      "devDependencies": {
        "@agent-wrangler/authority-server": "0.0.0",
        "@agent-wrangler/engine": "0.0.0",
        "@agent-wrangler/execution-node": "0.0.0",
        "@agent-wrangler/farm": "0.0.0",
        "@agent-wrangler/gallery": "0.0.0",
        "@agent-wrangler/ranch": "0.0.0",
        "@agent-wrangler/router": "0.0.0",
        "@agent-wrangler/test-support": "0.0.0"
      }
    },
    "shared/packages/contracts": {
      "name": "@agent-wrangler/contracts",
      "version": "0.0.0"
    },
    "shared/packages/http-transport": {
      "name": "@agent-wrangler/http-transport",
      "version": "0.0.0",
      "devDependencies": {
        "@agent-wrangler/test-support": "0.0.0"
      }
    },
    "shared/packages/json-store": {
      "name": "@agent-wrangler/json-store",
      "version": "0.0.0",
      "devDependencies": {
        "@agent-wrangler/test-support": "0.0.0"
      }
    },
    "shared/packages/runtime-diagnostics": {
      "name": "@agent-wrangler/runtime-diagnostics",
      "version": "0.0.0",
      "dependencies": {
        "@agent-wrangler/contracts": "0.0.0",
        "@agent-wrangler/http-transport": "0.0.0"
      },
      "devDependencies": {
        "@agent-wrangler/test-support": "0.0.0"
      }
    },
    "shared/packages/test-support": {
      "name": "@agent-wrangler/test-support",
      "version": "0.0.0"
    }
  }
}
